
Microsoft Visual Studio Solution File, Format Version 12.00
# Visual Studio Version 17
VisualStudioVersion = 17.3.32901.215
MinimumVisualStudioVersion = 10.0.40219.1
Project("{9A19103F-16F7-4668-BE54-9A1E7A4F7556}") = "ApiDotNet6.Application", "teste\ApiDotNet6.Application.csproj", "{47E9AD06-427C-44F8-87E0-37269A45849F}"
EndProject
Project("{9A19103F-16F7-4668-BE54-9A1E7A4F7556}") = "ApiDotNet6.Api", "apiteste\ApiDotNet6.Api.csproj", "{D17F5F63-A4A2-45B1-9549-E7906C1B4502}"
EndProject
Project("{FAE04EC0-301F-11D3-BF4B-00C04F79EFBC}") = "ApiDotNet6.Domain", "ApiDotNet6.Domain\ApiDotNet6.Domain.csproj", "{52A32FC5-E156-4D59-BD41-21B038F3869F}"
EndProject
Project("{FAE04EC0-301F-11D3-BF4B-00C04F79EFBC}") = "ApiDotNet6.Infra.IoC", "ApiDotNet6.Infra.IoC\ApiDotNet6.Infra.IoC.csproj", "{485E88C1-B4C0-401A-ADFD-9326F00B84EB}"
EndProject
Project("{FAE04EC0-301F-11D3-BF4B-00C04F79EFBC}") = "ApiDotNet6.Infra.Data", "ApiDotNet6.Infra.Data\ApiDotNet6.Infra.Data.csproj", "{5B9D7713-FBDE-41CF-84EB-7DCC56FDFC68}"
EndProject
Global
	GlobalSection(SolutionConfigurationPlatforms) = preSolution
		Debug|Any CPU = Debug|Any CPU
		Release|Any CPU = Release|Any CPU
	EndGlobalSection
	GlobalSection(ProjectConfigurationPlatforms) = postSolution
		{47E9AD06-427C-44F8-87E0-37269A45849F}.Debug|Any CPU.ActiveCfg = Debug|Any CPU
		{47E9AD06-427C-44F8-87E0-37269A45849F}.Debug|Any CPU.Build.0 = Debug|Any CPU
		{47E9AD06-427C-44F8-87E0-37269A45849F}.Release|Any CPU.ActiveCfg = Release|Any CPU
		{47E9AD06-427C-44F8-87E0-37269A45849F}.Release|Any CPU.Build.0 = Release|Any CPU
		{D17F5F63-A4A2-45B1-9549-E7906C1B4502}.Debug|Any CPU.ActiveCfg = Debug|Any CPU
		{D17F5F63-A4A2-45B1-9549-E7906C1B4502}.Debug|Any CPU.Build.0 = Debug|Any CPU
		{D17F5F63-A4A2-45B1-9549-E7906C1B4502}.Release|Any CPU.ActiveCfg = Release|Any CPU
		{D17F5F63-A4A2-45B1-9549-E7906C1B4502}.Release|Any CPU.Build.0 = Release|Any CPU
		{52A32FC5-E156-4D59-BD41-21B038F3869F}.Debug|Any CPU.ActiveCfg = Debug|Any CPU
		{52A32FC5-E156-4D59-BD41-21B038F3869F}.Debug|Any CPU.Build.0 = Debug|Any CPU
		{52A32FC5-E156-4D59-BD41-21B038F3869F}.Release|Any CPU.ActiveCfg = Release|Any CPU
		{52A32FC5-E156-4D59-BD41-21B038F3869F}.Release|Any CPU.Build.0 = Release|Any CPU
		{485E88C1-B4C0-401A-ADFD-9326F00B84EB}.Debug|Any CPU.ActiveCfg = Debug|Any CPU
		{485E88C1-B4C0-401A-ADFD-9326F00B84EB}.Debug|Any CPU.Build.0 = Debug|Any CPU
		{485E88C1-B4C0-401A-ADFD-9326F00B84EB}.Release|Any CPU.ActiveCfg = Release|Any CPU
		{485E88C1-B4C0-401A-ADFD-9326F00B84EB}.Release|Any CPU.Build.0 = Release|Any CPU
		{5B9D7713-FBDE-41CF-84EB-7DCC56FDFC68}.Debug|Any CPU.ActiveCfg = Debug|Any CPU
		{5B9D7713-FBDE-41CF-84EB-7DCC56FDFC68}.Debug|Any CPU.Build.0 = Debug|Any CPU
		{5B9D7713-FBDE-41CF-84EB-7DCC56FDFC68}.Release|Any CPU.ActiveCfg = Release|Any CPU
		{5B9D7713-FBDE-41CF-84EB-7DCC56FDFC68}.Release|Any CPU.Build.0 = Release|Any CPU
	EndGlobalSection
	GlobalSection(SolutionProperties) = preSolution
		HideSolutionNode = FALSE
	EndGlobalSection
	GlobalSection(ExtensibilityGlobals) = postSolution
		SolutionGuid = {ED1A3B03-49A4-474D-88BA-5F2B2351683B}
	EndGlobalSection
EndGlobal
